
Microsoft Visual Studio Solution File, Format Version 12.00
# Visual Studio Version 16
VisualStudioVersion = 16.0.28803.156
MinimumVisualStudioVersion = 10.0.40219.1
Project("{FAE04EC0-301F-11D3-BF4B-00C04F79EFBC}") = "MEHT_Counter", "MEHT_Counter\MEHT_Counter.csproj", "{03D1B4BB-7DB3-48DA-AA0B-A77C693B6EED}"
EndProject
Project("{2150E333-8FDC-42A3-9474-1A3956D46DE8}") = "Solution Items", "Solution Items", "{5D8999E3-A64D-4467-8FF1-9D02AD4BB4E6}"
EndProject
Global
	GlobalSection(SolutionConfigurationPlatforms) = preSolution
		Debug|Any CPU = Debug|Any CPU
		Release|Any CPU = Release|Any CPU
	EndGlobalSection
	GlobalSection(ProjectConfigurationPlatforms) = postSolution
		{03D1B4BB-7DB3-48DA-AA0B-A77C693B6EED}.Debug|Any CPU.ActiveCfg = Debug|Any CPU
		{03D1B4BB-7DB3-48DA-AA0B-A77C693B6EED}.Debug|Any CPU.Build.0 = Debug|Any CPU
		{03D1B4BB-7DB3-48DA-AA0B-A77C693B6EED}.Release|Any CPU.ActiveCfg = Release|Any CPU
		{03D1B4BB-7DB3-48DA-AA0B-A77C693B6EED}.Release|Any CPU.Build.0 = Release|Any CPU
	EndGlobalSection
	GlobalSection(SolutionProperties) = preSolution
		HideSolutionNode = FALSE
	EndGlobalSection
	GlobalSection(ExtensibilityGlobals) = postSolution
		SolutionGuid = {DB4DA515-0EC8-4425-AA8A-76B6B291E637}
	EndGlobalSection
EndGlobal
